
Microsoft Visual Studio Solution File, Format Version 12.00
# Visual Studio 15
VisualStudioVersion = 15.0.28010.0
MinimumVisualStudioVersion = 10.0.40219.1
Project("{FAE04EC0-301F-11D3-BF4B-00C04F79EFBC}") = "ABM_Simple", "ABM_Simple\ABM_Simple.csproj", "{768044BA-C81E-43A5-A5C8-DB1E00AA62B3}"
EndProject
Project("{FAE04EC0-301F-11D3-BF4B-00C04F79EFBC}") = "Entidades", "ClassLibrary1\Entidades.csproj", "{EB0BD561-2F5E-425B-B7E1-1CADC7CFB1DB}"
EndProject
Global
	GlobalSection(SolutionConfigurationPlatforms) = preSolution
		Debug|Any CPU = Debug|Any CPU
		Release|Any CPU = Release|Any CPU
	EndGlobalSection
	GlobalSection(ProjectConfigurationPlatforms) = postSolution
		{768044BA-C81E-43A5-A5C8-DB1E00AA62B3}.Debug|Any CPU.ActiveCfg = Debug|Any CPU
		{768044BA-C81E-43A5-A5C8-DB1E00AA62B3}.Debug|Any CPU.Build.0 = Debug|Any CPU
		{768044BA-C81E-43A5-A5C8-DB1E00AA62B3}.Release|Any CPU.ActiveCfg = Release|Any CPU
		{768044BA-C81E-43A5-A5C8-DB1E00AA62B3}.Release|Any CPU.Build.0 = Release|Any CPU
		{EB0BD561-2F5E-425B-B7E1-1CADC7CFB1DB}.Debug|Any CPU.ActiveCfg = Debug|Any CPU
		{EB0BD561-2F5E-425B-B7E1-1CADC7CFB1DB}.Debug|Any CPU.Build.0 = Debug|Any CPU
		{EB0BD561-2F5E-425B-B7E1-1CADC7CFB1DB}.Release|Any CPU.ActiveCfg = Release|Any CPU
		{EB0BD561-2F5E-425B-B7E1-1CADC7CFB1DB}.Release|Any CPU.Build.0 = Release|Any CPU
	EndGlobalSection
	GlobalSection(SolutionProperties) = preSolution
		HideSolutionNode = FALSE
	EndGlobalSection
	GlobalSection(ExtensibilityGlobals) = postSolution
		SolutionGuid = {947AC21A-F99E-43EC-A648-C061AB2AE4BB}
	EndGlobalSection
EndGlobal
